// !$*UTF8*$!
{
	archiveVersion = 1;
	classes = {
	};
	objectVersion = 77;
	objects = {

/* Begin PBXBuildFile section */
		7BEC22D32DC2F2D400794262 /* FirebaseAnalytics in Frameworks */ = {isa = PBXBuildFile; productRef = 7BEC22D22DC2F2D400794262 /* FirebaseAnalytics */; };
		7BEC22D52DC2F2D400794262 /* FirebaseAuth in Frameworks */ = {isa = PBXBuildFile; productRef = 7BEC22D42DC2F2D400794262 /* FirebaseAuth */; };
		7BEC22D72DC2F2D400794262 /* FirebaseAuthCombine-Community in Frameworks */ = {isa = PBXBuildFile; productRef = 7BEC22D62DC2F2D400794262 /* FirebaseAuthCombine-Community */; };
		7BEC22D92DC2F2D400794262 /* FirebaseCore in Frameworks */ = {isa = PBXBuildFile; productRef = 7BEC22D82DC2F2D400794262 /* FirebaseCore */; };
		7BEC22DB2DC2F2D400794262 /* FirebaseCrashlytics in Frameworks */ = {isa = PBXBuildFile; productRef = 7BEC22DA2DC2F2D400794262 /* FirebaseCrashlytics */; };
		7BEC22DD2DC2F2D400794262 /* FirebaseDatabase in Frameworks */ = {isa = PBXBuildFile; productRef = 7BEC22DC2DC2F2D400794262 /* FirebaseDatabase */; };
		7BEC22DF2DC2F2D400794262 /* FirebaseFirestore in Frameworks */ = {isa = PBXBuildFile; productRef = 7BEC22DE2DC2F2D400794262 /* FirebaseFirestore */; };
		7BEC22E12DC2F2D400794262 /* FirebaseFirestoreCombine-Community in Frameworks */ = {isa = PBXBuildFile; productRef = 7BEC22E02DC2F2D400794262 /* FirebaseFirestoreCombine-Community */; };
/* End PBXBuildFile section */

/* Begin PBXContainerItemProxy section */
		F3149AF42DBFBB8900B2E9C5 /* PBXContainerItemProxy */ = {
			isa = PBXContainerItemProxy;
			containerPortal = F3149ADB2DBFBB8800B2E9C5 /* Project object */;
			proxyType = 1;
			remoteGlobalIDString = F3149AE22DBFBB8800B2E9C5;
			remoteInfo = TestBrick;
		};
		F3149AFE2DBFBB8900B2E9C5 /* PBXContainerItemProxy */ = {
			isa = PBXContainerItemProxy;
			containerPortal = F3149ADB2DBFBB8800B2E9C5 /* Project object */;
			proxyType = 1;
			remoteGlobalIDString = F3149AE22DBFBB8800B2E9C5;
			remoteInfo = TestBrick;
		};
/* End PBXContainerItemProxy section */

/* Begin PBXFileReference section */
		F3149AE32DBFBB8800B2E9C5 /* TestBrick.app */ = {isa = PBXFileReference; explicitFileType = wrapper.application; includeInIndex = 0; path = TestBrick.app; sourceTree = BUILT_PRODUCTS_DIR; };
		F3149AF32DBFBB8900B2E9C5 /* TestBrickTests.xctest */ = {isa = PBXFileReference; explicitFileType = wrapper.cfbundle; includeInIndex = 0; path = TestBrickTests.xctest; sourceTree = BUILT_PRODUCTS_DIR; };
		F3149AFD2DBFBB8900B2E9C5 /* TestBrickUITests.xctest */ = {isa = PBXFileReference; explicitFileType = wrapper.cfbundle; includeInIndex = 0; path = TestBrickUITests.xctest; sourceTree = BUILT_PRODUCTS_DIR; };
/* End PBXFileReference section */

/* Begin PBXFileSystemSynchronizedRootGroup section */
		F3149AE52DBFBB8800B2E9C5 /* TestBrick */ = {
			isa = PBXFileSystemSynchronizedRootGroup;
			path = TestBrick;
			sourceTree = "<group>";
		};
		F3149AF62DBFBB8900B2E9C5 /* TestBrickTests */ = {
			isa = PBXFileSystemSynchronizedRootGroup;
			path = TestBrickTests;
			sourceTree = "<group>";
		};
		F3149B002DBFBB8900B2E9C5 /* TestBrickUITests */ = {
			isa = PBXFileSystemSynchronizedRootGroup;
			path = TestBrickUITests;
			sourceTree = "<group>";
		};
/* End PBXFileSystemSynchronizedRootGroup section */

/* Begin PBXFrameworksBuildPhase section */
		F3149AE02DBFBB8800B2E9C5 /* Frameworks */ = {
			isa = PBXFrameworksBuildPhase;
			buildActionMask = 2147483647;
			files = (
				7BEC22DD2DC2F2D400794262 /* FirebaseDatabase in Frameworks */,
				7BEC22E12DC2F2D400794262 /* FirebaseFirestoreCombine-Community in Frameworks */,
				7BEC22D32DC2F2D400794262 /* FirebaseAnalytics in Frameworks */,
				7BEC22D72DC2F2D400794262 /* FirebaseAuthCombine-Community in Frameworks */,
				7BEC22DB2DC2F2D400794262 /* FirebaseCrashlytics in Frameworks */,
				7BEC22D92DC2F2D400794262 /* FirebaseCore in Frameworks */,
				7BEC22D52DC2F2D400794262 /* FirebaseAuth in Frameworks */,
				7BEC22DF2DC2F2D400794262 /* FirebaseFirestore in Frameworks */,
			);
			runOnlyForDeploymentPostprocessing = 0;
		};
		F3149AF02DBFBB8900B2E9C5 /* Frameworks */ = {
			isa = PBXFrameworksBuildPhase;
			buildActionMask = 2147483647;
			files = (
			);
			runOnlyForDeploymentPostprocessing = 0;
		};
		F3149AFA2DBFBB8900B2E9C5 /* Frameworks */ = {
			isa = PBXFrameworksBuildPhase;
			buildActionMask = 2147483647;
			files = (
			);
			runOnlyForDeploymentPostprocessing = 0;
		};
/* End PBXFrameworksBuildPhase section */

/* Begin PBXGroup section */
		F3149ADA2DBFBB8800B2E9C5 = {
			isa = PBXGroup;
			children = (
				F3149AE52DBFBB8800B2E9C5 /* TestBrick */,
				F3149AF62DBFBB8900B2E9C5 /* TestBrickTests */,
				F3149B002DBFBB8900B2E9C5 /* TestBrickUITests */,
				F3149AE42DBFBB8800B2E9C5 /* Products */,
			);
			sourceTree = "<group>";
		};
		F3149AE42DBFBB8800B2E9C5 /* Products */ = {
			isa = PBXGroup;
			children = (
				F3149AE32DBFBB8800B2E9C5 /* TestBrick.app */,
				F3149AF32DBFBB8900B2E9C5 /* TestBrickTests.xctest */,
				F3149AFD2DBFBB8900B2E9C5 /* TestBrickUITests.xctest */,
			);
			name = Products;
			sourceTree = "<group>";
		};
/* End PBXGroup section */

/* Begin PBXNativeTarget section */
		F3149AE22DBFBB8800B2E9C5 /* TestBrick */ = {
			isa = PBXNativeTarget;
			buildConfigurationList = F3149B072DBFBB8900B2E9C5 /* Build configuration list for PBXNativeTarget "TestBrick" */;
			buildPhases = (
				F3149ADF2DBFBB8800B2E9C5 /* Sources */,
				F3149AE02DBFBB8800B2E9C5 /* Frameworks */,
				F3149AE12DBFBB8800B2E9C5 /* Resources */,
			);
			buildRules = (
			);
			dependencies = (
			);
			fileSystemSynchronizedGroups = (
				F3149AE52DBFBB8800B2E9C5 /* TestBrick */,
			);
			name = TestBrick;
			packageProductDependencies = (
				7BEC22D22DC2F2D400794262 /* FirebaseAnalytics */,
				7BEC22D42DC2F2D400794262 /* FirebaseAuth */,
				7BEC22D62DC2F2D400794262 /* FirebaseAuthCombine-Community */,
				7BEC22D82DC2F2D400794262 /* FirebaseCore */,
				7BEC22DA2DC2F2D400794262 /* FirebaseCrashlytics */,
				7BEC22DC2DC2F2D400794262 /* FirebaseDatabase */,
				7BEC22DE2DC2F2D400794262 /* FirebaseFirestore */,
				7BEC22E02DC2F2D400794262 /* FirebaseFirestoreCombine-Community */,
			);
			productName = TestBrick;
			productReference = F3149AE32DBFBB8800B2E9C5 /* TestBrick.app */;
			productType = "com.apple.product-type.application";
		};
		F3149AF22DBFBB8900B2E9C5 /* TestBrickTests */ = {
			isa = PBXNativeTarget;
			buildConfigurationList = F3149B0A2DBFBB8900B2E9C5 /* Build configuration list for PBXNativeTarget "TestBrickTests" */;
			buildPhases = (
				F3149AEF2DBFBB8900B2E9C5 /* Sources */,
				F3149AF02DBFBB8900B2E9C5 /* Frameworks */,
				F3149AF12DBFBB8900B2E9C5 /* Resources */,
			);
			buildRules = (
			);
			dependencies = (
				F3149AF52DBFBB8900B2E9C5 /* PBXTargetDependency */,
			);
			fileSystemSynchronizedGroups = (
				F3149AF62DBFBB8900B2E9C5 /* TestBrickTests */,
			);
			name = TestBrickTests;
			packageProductDependencies = (
			);
			productName = TestBrickTests;
			productReference = F3149AF32DBFBB8900B2E9C5 /* TestBrickTests.xctest */;
			productType = "com.apple.product-type.bundle.unit-test";
		};
		F3149AFC2DBFBB8900B2E9C5 /* TestBrickUITests */ = {
			isa = PBXNativeTarget;
			buildConfigurationList = F3149B0D2DBFBB8900B2E9C5 /* Build configuration list for PBXNativeTarget "TestBrickUITests" */;
			buildPhases = (
				F3149AF92DBFBB8900B2E9C5 /* Sources */,
				F3149AFA2DBFBB8900B2E9C5 /* Frameworks */,
				F3149AFB2DBFBB8900B2E9C5 /* Resources */,
			);
			buildRules = (
			);
			dependencies = (
				F3149AFF2DBFBB8900B2E9C5 /* PBXTargetDependency */,
			);
			fileSystemSynchronizedGroups = (
				F3149B002DBFBB8900B2E9C5 /* TestBrickUITests */,
			);
			name = TestBrickUITests;
			packageProductDependencies = (
			);
			productName = TestBrickUITests;
			productReference = F3149AFD2DBFBB8900B2E9C5 /* TestBrickUITests.xctest */;
			productType = "com.apple.product-type.bundle.ui-testing";
		};
/* End PBXNativeTarget section */

/* Begin PBXProject section */
		F3149ADB2DBFBB8800B2E9C5 /* Project object */ = {
			isa = PBXProject;
			attributes = {
				BuildIndependentTargetsInParallel = 1;
				LastSwiftUpdateCheck = 1620;
				LastUpgradeCheck = 1620;
				TargetAttributes = {
					F3149AE22DBFBB8800B2E9C5 = {
						CreatedOnToolsVersion = 16.2;
					};
					F3149AF22DBFBB8900B2E9C5 = {
						CreatedOnToolsVersion = 16.2;
						TestTargetID = F3149AE22DBFBB8800B2E9C5;
					};
					F3149AFC2DBFBB8900B2E9C5 = {
						CreatedOnToolsVersion = 16.2;
						TestTargetID = F3149AE22DBFBB8800B2E9C5;
					};
				};
			};
			buildConfigurationList = F3149ADE2DBFBB8800B2E9C5 /* Build configuration list for PBXProject "TestBrick" */;
			developmentRegion = en;
			hasScannedForEncodings = 0;
			knownRegions = (
				en,
				Base,
			);
			mainGroup = F3149ADA2DBFBB8800B2E9C5;
			minimizedProjectReferenceProxies = 1;
			packageReferences = (
				7BEC22D12DC2F2D300794262 /* XCRemoteSwiftPackageReference "firebase-ios-sdk" */,
			);
			preferredProjectObjectVersion = 77;
			productRefGroup = F3149AE42DBFBB8800B2E9C5 /* Products */;
			projectDirPath = "";
			projectRoot = "";
			targets = (
				F3149AE22DBFBB8800B2E9C5 /* TestBrick */,
				F3149AF22DBFBB8900B2E9C5 /* TestBrickTests */,
				F3149AFC2DBFBB8900B2E9C5 /* TestBrickUITests */,
			);
		};
/* End PBXProject section */

/* Begin PBXResourcesBuildPhase section */
		F3149AE12DBFBB8800B2E9C5 /* Resources */ = {
			isa = PBXResourcesBuildPhase;
			buildActionMask = 2147483647;
			files = (
			);
			runOnlyForDeploymentPostprocessing = 0;
		};
		F3149AF12DBFBB8900B2E9C5 /* Resources */ = {
			isa = PBXResourcesBuildPhase;
			buildActionMask = 2147483647;
			files = (
			);
			runOnlyForDeploymentPostprocessing = 0;
		};
		F3149AFB2DBFBB8900B2E9C5 /* Resources */ = {
			isa = PBXResourcesBuildPhase;
			buildActionMask = 2147483647;
			files = (
			);
			runOnlyForDeploymentPostprocessing = 0;
		};
/* End PBXResourcesBuildPhase section */

/* Begin PBXSourcesBuildPhase section */
		F3149ADF2DBFBB8800B2E9C5 /* Sources */ = {
			isa = PBXSourcesBuildPhase;
			buildActionMask = 2147483647;
			files = (
			);
			runOnlyForDeploymentPostprocessing = 0;
		};
		F3149AEF2DBFBB8900B2E9C5 /* Sources */ = {
			isa = PBXSourcesBuildPhase;
			buildActionMask = 2147483647;
			files = (
			);
			runOnlyForDeploymentPostprocessing = 0;
		};
		F3149AF92DBFBB8900B2E9C5 /* Sources */ = {
			isa = PBXSourcesBuildPhase;
			buildActionMask = 2147483647;
			files = (
			);
			runOnlyForDeploymentPostprocessing = 0;
		};
/* End PBXSourcesBuildPhase section */

/* Begin PBXTargetDependency section */
		F3149AF52DBFBB8900B2E9C5 /* PBXTargetDependency */ = {
			isa = PBXTargetDependency;
			target = F3149AE22DBFBB8800B2E9C5 /* TestBrick */;
			targetProxy = F3149AF42DBFBB8900B2E9C5 /* PBXContainerItemProxy */;
		};
		F3149AFF2DBFBB8900B2E9C5 /* PBXTargetDependency */ = {
			isa = PBXTargetDependency;
			target = F3149AE22DBFBB8800B2E9C5 /* TestBrick */;
			targetProxy = F3149AFE2DBFBB8900B2E9C5 /* PBXContainerItemProxy */;
		};
/* End PBXTargetDependency section */

/* Begin XCBuildConfiguration section */
		F3149B052DBFBB8900B2E9C5 /* Debug */ = {
			isa = XCBuildConfiguration;
			buildSettings = {
				ALWAYS_SEARCH_USER_PATHS = NO;
				ASSETCATALOG_COMPILER_GENERATE_SWIFT_ASSET_SYMBOL_EXTENSIONS = YES;
				CLANG_ANALYZER_NONNULL = YES;
				CLANG_ANALYZER_NUMBER_OBJECT_CONVERSION = YES_AGGRESSIVE;
				CLANG_CXX_LANGUAGE_STANDARD = "gnu++20";
				CLANG_ENABLE_MODULES = YES;
				CLANG_ENABLE_OBJC_ARC = YES;
				CLANG_ENABLE_OBJC_WEAK = YES;
				CLANG_WARN_BLOCK_CAPTURE_AUTORELEASING = YES;
				CLANG_WARN_BOOL_CONVERSION = YES;
				CLANG_WARN_COMMA = YES;
				CLANG_WARN_CONSTANT_CONVERSION = YES;
				CLANG_WARN_DEPRECATED_OBJC_IMPLEMENTATIONS = YES;
				CLANG_WARN_DIRECT_OBJC_ISA_USAGE = YES_ERROR;
				CLANG_WARN_DOCUMENTATION_COMMENTS = YES;
				CLANG_WARN_EMPTY_BODY = YES;
				CLANG_WARN_ENUM_CONVERSION = YES;
				CLANG_WARN_INFINITE_RECURSION = YES;
				CLANG_WARN_INT_CONVERSION = YES;
				CLANG_WARN_NON_LITERAL_NULL_CONVERSION = YES;
				CLANG_WARN_OBJC_IMPLICIT_RETAIN_SELF = YES;
				CLANG_WARN_OBJC_LITERAL_CONVERSION = YES;
				CLANG_WARN_OBJC_ROOT_CLASS = YES_ERROR;
				CLANG_WARN_QUOTED_INCLUDE_IN_FRAMEWORK_HEADER = YES;
				CLANG_WARN_RANGE_LOOP_ANALYSIS = YES;
				CLANG_WARN_STRICT_PROTOTYPES = YES;
				CLANG_WARN_SUSPICIOUS_MOVE = YES;
				CLANG_WARN_UNGUARDED_AVAILABILITY = YES_AGGRESSIVE;
				CLANG_WARN_UNREACHABLE_CODE = YES;
				CLANG_WARN__DUPLICATE_METHOD_MATCH = YES;
				COPY_PHASE_STRIP = NO;
				DEBUG_INFORMATION_FORMAT = dwarf;
				ENABLE_STRICT_OBJC_MSGSEND = YES;
				ENABLE_TESTABILITY = YES;
				ENABLE_USER_SCRIPT_SANDBOXING = YES;
				GCC_C_LANGUAGE_STANDARD = gnu17;
				GCC_DYNAMIC_NO_PIC = NO;
				GCC_NO_COMMON_BLOCKS = YES;
				GCC_OPTIMIZATION_LEVEL = 0;
				GCC_PREPROCESSOR_DEFINITIONS = (
					"DEBUG=1",
					"$(inherited)",
				);
				GCC_WARN_64_TO_32_BIT_CONVERSION = YES;
				GCC_WARN_ABOUT_RETURN_TYPE = YES_ERROR;
				GCC_WARN_UNDECLARED_SELECTOR = YES;
				GCC_WARN_UNINITIALIZED_AUTOS = YES_AGGRESSIVE;
				GCC_WARN_UNUSED_FUNCTION = YES;
				GCC_WARN_UNUSED_VARIABLE = YES;
				IPHONEOS_DEPLOYMENT_TARGET = 18.2;
				LOCALIZATION_PREFERS_STRING_CATALOGS = YES;
				MTL_ENABLE_DEBUG_INFO = INCLUDE_SOURCE;
				MTL_FAST_MATH = YES;
				ONLY_ACTIVE_ARCH = YES;
				SDKROOT = iphoneos;
				SWIFT_ACTIVE_COMPILATION_CONDITIONS = "DEBUG $(inherited)";
				SWIFT_OPTIMIZATION_LEVEL = "-Onone";
			};
			name = Debug;
		};
		F3149B062DBFBB8900B2E9C5 /* Release */ = {
			isa = XCBuildConfiguration;
			buildSettings = {
				ALWAYS_SEARCH_USER_PATHS = NO;
				ASSETCATALOG_COMPILER_GENERATE_SWIFT_ASSET_SYMBOL_EXTENSIONS = YES;
				CLANG_ANALYZER_NONNULL = YES;
				CLANG_ANALYZER_NUMBER_OBJECT_CONVERSION = YES_AGGRESSIVE;
				CLANG_CXX_LANGUAGE_STANDARD = "gnu++20";
				CLANG_ENABLE_MODULES = YES;
				CLANG_ENABLE_OBJC_ARC = YES;
				CLANG_ENABLE_OBJC_WEAK = YES;
				CLANG_WARN_BLOCK_CAPTURE_AUTORELEASING = YES;
				CLANG_WARN_BOOL_CONVERSION = YES;
				CLANG_WARN_COMMA = YES;
				CLANG_WARN_CONSTANT_CONVERSION = YES;
				CLANG_WARN_DEPRECATED_OBJC_IMPLEMENTATIONS = YES;
				CLANG_WARN_DIRECT_OBJC_ISA_USAGE = YES_ERROR;
				CLANG_WARN_DOCUMENTATION_COMMENTS = YES;
				CLANG_WARN_EMPTY_BODY = YES;
				CLANG_WARN_ENUM_CONVERSION = YES;
				CLANG_WARN_INFINITE_RECURSION = YES;
				CLANG_WARN_INT_CONVERSION = YES;
				CLANG_WARN_NON_LITERAL_NULL_CONVERSION = YES;
				CLANG_WARN_OBJC_IMPLICIT_RETAIN_SELF = YES;
				CLANG_WARN_OBJC_LITERAL_CONVERSION = YES;
				CLANG_WARN_OBJC_ROOT_CLASS = YES_ERROR;
				CLANG_WARN_QUOTED_INCLUDE_IN_FRAMEWORK_HEADER = YES;
				CLANG_WARN_RANGE_LOOP_ANALYSIS = YES;
				CLANG_WARN_STRICT_PROTOTYPES = YES;
				CLANG_WARN_SUSPICIOUS_MOVE = YES;
				CLANG_WARN_UNGUARDED_AVAILABILITY = YES_AGGRESSIVE;
				CLANG_WARN_UNREACHABLE_CODE = YES;
				CLANG_WARN__DUPLICATE_METHOD_MATCH = YES;
				COPY_PHASE_STRIP = NO;
				DEBUG_INFORMATION_FORMAT = "dwarf-with-dsym";
				ENABLE_NS_ASSERTIONS = NO;
				ENABLE_STRICT_OBJC_MSGSEND = YES;
				ENABLE_USER_SCRIPT_SANDBOXING = YES;
				GCC_C_LANGUAGE_STANDARD = gnu17;
				GCC_NO_COMMON_BLOCKS = YES;
				GCC_WARN_64_TO_32_BIT_CONVERSION = YES;
				GCC_WARN_ABOUT_RETURN_TYPE = YES_ERROR;
				GCC_WARN_UNDECLARED_SELECTOR = YES;
				GCC_WARN_UNINITIALIZED_AUTOS = YES_AGGRESSIVE;
				GCC_WARN_UNUSED_FUNCTION = YES;
				GCC_WARN_UNUSED_VARIABLE = YES;
				IPHONEOS_DEPLOYMENT_TARGET = 18.2;
				LOCALIZATION_PREFERS_STRING_CATALOGS = YES;
				MTL_ENABLE_DEBUG_INFO = NO;
				MTL_FAST_MATH = YES;
				SDKROOT = iphoneos;
				SWIFT_COMPILATION_MODE = wholemodule;
				VALIDATE_PRODUCT = YES;
			};
			name = Release;
		};
		F3149B082DBFBB8900B2E9C5 /* Debug */ = {
			isa = XCBuildConfiguration;
			buildSettings = {
				ASSETCATALOG_COMPILER_APPICON_NAME = AppIcon;
				ASSETCATALOG_COMPILER_GLOBAL_ACCENT_COLOR_NAME = AccentColor;
				CODE_SIGN_ENTITLEMENTS = TestBrick/TestBrick.entitlements;
				CODE_SIGN_IDENTITY = "Apple Development";
				CODE_SIGN_STYLE = Automatic;
				CURRENT_PROJECT_VERSION = 3;
				DEVELOPMENT_ASSET_PATHS = "\"TestBrick/Preview Content\"";
				DEVELOPMENT_TEAM = 6W94MNFMF6;
				ENABLE_PREVIEWS = YES;
				GENERATE_INFOPLIST_FILE = YES;
				INFOPLIST_KEY_CFBundleDisplayName = Reborn;
				INFOPLIST_KEY_LSApplicationCategoryType = "public.app-category.productivity";
				INFOPLIST_KEY_NFCReaderUsageDescription = "App requires access to NFC scanning";
				INFOPLIST_KEY_UIApplicationSceneManifest_Generation = YES;
				INFOPLIST_KEY_UIApplicationSupportsIndirectInputEvents = YES;
				INFOPLIST_KEY_UILaunchScreen_Generation = YES;
				INFOPLIST_KEY_UISupportedInterfaceOrientations_iPad = "UIInterfaceOrientationPortrait UIInterfaceOrientationPortraitUpsideDown UIInterfaceOrientationLandscapeLeft UIInterfaceOrientationLandscapeRight";
				INFOPLIST_KEY_UISupportedInterfaceOrientations_iPhone = "UIInterfaceOrientationPortrait UIInterfaceOrientationLandscapeLeft UIInterfaceOrientationLandscapeRight";
				IPHONEOS_DEPLOYMENT_TARGET = 16.6;
				LD_RUNPATH_SEARCH_PATHS = (
					"$(inherited)",
					"@executable_path/Frameworks",
				);
				MARKETING_VERSION = 1.0;
				PRODUCT_BUNDLE_IDENTIFIER = cashagency.Productivity;
				PRODUCT_NAME = "$(TARGET_NAME)";
				PROVISIONING_PROFILE_SPECIFIER = "";
				SUPPORTED_PLATFORMS = "iphoneos iphonesimulator";
				SUPPORTS_MACCATALYST = NO;
				SUPPORTS_MAC_DESIGNED_FOR_IPHONE_IPAD = NO;
				SUPPORTS_XR_DESIGNED_FOR_IPHONE_IPAD = NO;
				SWIFT_EMIT_LOC_STRINGS = YES;
				SWIFT_VERSION = 5.0;
				TARGETED_DEVICE_FAMILY = 1;
			};
			name = Debug;
		};
		F3149B092DBFBB8900B2E9C5 /* Release */ = {
			isa = XCBuildConfiguration;
			buildSettings = {
				ASSETCATALOG_COMPILER_APPICON_NAME = AppIcon;
				ASSETCATALOG_COMPILER_GLOBAL_ACCENT_COLOR_NAME = AccentColor;
				CODE_SIGN_ENTITLEMENTS = TestBrick/TestBrick.entitlements;
				CODE_SIGN_IDENTITY = "Apple Development";
				CODE_SIGN_STYLE = Automatic;
				CURRENT_PROJECT_VERSION = 3;
				DEVELOPMENT_ASSET_PATHS = "\"TestBrick/Preview Content\"";
				DEVELOPMENT_TEAM = 6W94MNFMF6;
				ENABLE_PREVIEWS = YES;
				GENERATE_INFOPLIST_FILE = YES;
				INFOPLIST_KEY_CFBundleDisplayName = Reborn;
				INFOPLIST_KEY_LSApplicationCategoryType = "public.app-category.productivity";
				INFOPLIST_KEY_NFCReaderUsageDescription = "App requires access to NFC scanning";
				INFOPLIST_KEY_UIApplicationSceneManifest_Generation = YES;
				INFOPLIST_KEY_UIApplicationSupportsIndirectInputEvents = YES;
				INFOPLIST_KEY_UILaunchScreen_Generation = YES;
				INFOPLIST_KEY_UISupportedInterfaceOrientations_iPad = "UIInterfaceOrientationPortrait UIInterfaceOrientationPortraitUpsideDown UIInterfaceOrientationLandscapeLeft UIInterfaceOrientationLandscapeRight";
				INFOPLIST_KEY_UISupportedInterfaceOrientations_iPhone = "UIInterfaceOrientationPortrait UIInterfaceOrientationLandscapeLeft UIInterfaceOrientationLandscapeRight";
				IPHONEOS_DEPLOYMENT_TARGET = 16.6;
				LD_RUNPATH_SEARCH_PATHS = (
					"$(inherited)",
					"@executable_path/Frameworks",
				);
				MARKETING_VERSION = 1.0;
				PRODUCT_BUNDLE_IDENTIFIER = cashagency.Productivity;
				PRODUCT_NAME = "$(TARGET_NAME)";
				PROVISIONING_PROFILE_SPECIFIER = "";
				SUPPORTED_PLATFORMS = "iphoneos iphonesimulator";
				SUPPORTS_MACCATALYST = NO;
				SUPPORTS_MAC_DESIGNED_FOR_IPHONE_IPAD = NO;
				SUPPORTS_XR_DESIGNED_FOR_IPHONE_IPAD = NO;
				SWIFT_EMIT_LOC_STRINGS = YES;
				SWIFT_VERSION = 5.0;
				TARGETED_DEVICE_FAMILY = 1;
			};
			name = Release;
		};
		F3149B0B2DBFBB8900B2E9C5 /* Debug */ = {
			isa = XCBuildConfiguration;
			buildSettings = {
				BUNDLE_LOADER = "$(TEST_HOST)";
				CODE_SIGN_STYLE = Automatic;
				CURRENT_PROJECT_VERSION = 1;
				DEVELOPMENT_TEAM = 274HLPKXV5;
				GENERATE_INFOPLIST_FILE = YES;
				IPHONEOS_DEPLOYMENT_TARGET = 16.6;
				MARKETING_VERSION = 1.0;
				PRODUCT_BUNDLE_IDENTIFIER = cashagency.Productivity.TestBrickTests;
				PRODUCT_NAME = "$(TARGET_NAME)";
				SWIFT_EMIT_LOC_STRINGS = NO;
				SWIFT_VERSION = 5.0;
				TARGETED_DEVICE_FAMILY = "1,2";
				TEST_HOST = "$(BUILT_PRODUCTS_DIR)/TestBrick.app/$(BUNDLE_EXECUTABLE_FOLDER_PATH)/TestBrick";
			};
			name = Debug;
		};
		F3149B0C2DBFBB8900B2E9C5 /* Release */ = {
			isa = XCBuildConfiguration;
			buildSettings = {
				BUNDLE_LOADER = "$(TEST_HOST)";
				CODE_SIGN_STYLE = Automatic;
				CURRENT_PROJECT_VERSION = 1;
				DEVELOPMENT_TEAM = 274HLPKXV5;
				GENERATE_INFOPLIST_FILE = YES;
				IPHONEOS_DEPLOYMENT_TARGET = 16.6;
				MARKETING_VERSION = 1.0;
				PRODUCT_BUNDLE_IDENTIFIER = cashagency.Productivity.TestBrickTests;
				PRODUCT_NAME = "$(TARGET_NAME)";
				SWIFT_EMIT_LOC_STRINGS = NO;
				SWIFT_VERSION = 5.0;
				TARGETED_DEVICE_FAMILY = "1,2";
				TEST_HOST = "$(BUILT_PRODUCTS_DIR)/TestBrick.app/$(BUNDLE_EXECUTABLE_FOLDER_PATH)/TestBrick";
			};
			name = Release;
		};
		F3149B0E2DBFBB8900B2E9C5 /* Debug */ = {
			isa = XCBuildConfiguration;
			buildSettings = {
				CODE_SIGN_STYLE = Automatic;
				CURRENT_PROJECT_VERSION = 1;
				DEVELOPMENT_TEAM = 274HLPKXV5;
				GENERATE_INFOPLIST_FILE = YES;
				MARKETING_VERSION = 1.0;
				PRODUCT_BUNDLE_IDENTIFIER = cashagency.Productivity.TestBrickUITests;
				PRODUCT_NAME = "$(TARGET_NAME)";
				SWIFT_EMIT_LOC_STRINGS = NO;
				SWIFT_VERSION = 5.0;
				TARGETED_DEVICE_FAMILY = "1,2";
				TEST_TARGET_NAME = TestBrick;
			};
			name = Debug;
		};
		F3149B0F2DBFBB8900B2E9C5 /* Release */ = {
			isa = XCBuildConfiguration;
			buildSettings = {
				CODE_SIGN_STYLE = Automatic;
				CURRENT_PROJECT_VERSION = 1;
				DEVELOPMENT_TEAM = 274HLPKXV5;
				GENERATE_INFOPLIST_FILE = YES;
				MARKETING_VERSION = 1.0;
				PRODUCT_BUNDLE_IDENTIFIER = cashagency.Productivity.TestBrickUITests;
				PRODUCT_NAME = "$(TARGET_NAME)";
				SWIFT_EMIT_LOC_STRINGS = NO;
				SWIFT_VERSION = 5.0;
				TARGETED_DEVICE_FAMILY = "1,2";
				TEST_TARGET_NAME = TestBrick;
			};
			name = Release;
		};
/* End XCBuildConfiguration section */

/* Begin XCConfigurationList section */
		F3149ADE2DBFBB8800B2E9C5 /* Build configuration list for PBXProject "TestBrick" */ = {
			isa = XCConfigurationList;
			buildConfigurations = (
				F3149B052DBFBB8900B2E9C5 /* Debug */,
				F3149B062DBFBB8900B2E9C5 /* Release */,
			);
			defaultConfigurationIsVisible = 0;
			defaultConfigurationName = Release;
		};
		F3149B072DBFBB8900B2E9C5 /* Build configuration list for PBXNativeTarget "TestBrick" */ = {
			isa = XCConfigurationList;
			buildConfigurations = (
				F3149B082DBFBB8900B2E9C5 /* Debug */,
				F3149B092DBFBB8900B2E9C5 /* Release */,
			);
			defaultConfigurationIsVisible = 0;
			defaultConfigurationName = Release;
		};
		F3149B0A2DBFBB8900B2E9C5 /* Build configuration list for PBXNativeTarget "TestBrickTests" */ = {
			isa = XCConfigurationList;
			buildConfigurations = (
				F3149B0B2DBFBB8900B2E9C5 /* Debug */,
				F3149B0C2DBFBB8900B2E9C5 /* Release */,
			);
			defaultConfigurationIsVisible = 0;
			defaultConfigurationName = Release;
		};
		F3149B0D2DBFBB8900B2E9C5 /* Build configuration list for PBXNativeTarget "TestBrickUITests" */ = {
			isa = XCConfigurationList;
			buildConfigurations = (
				F3149B0E2DBFBB8900B2E9C5 /* Debug */,
				F3149B0F2DBFBB8900B2E9C5 /* Release */,
			);
			defaultConfigurationIsVisible = 0;
			defaultConfigurationName = Release;
		};
/* End XCConfigurationList section */

/* Begin XCRemoteSwiftPackageReference section */
		7BEC22D12DC2F2D300794262 /* XCRemoteSwiftPackageReference "firebase-ios-sdk" */ = {
			isa = XCRemoteSwiftPackageReference;
			repositoryURL = "https://github.com/firebase/firebase-ios-sdk";
			requirement = {
				kind = upToNextMajorVersion;
				minimumVersion = 11.12.0;
			};
		};
/* End XCRemoteSwiftPackageReference section */

/* Begin XCSwiftPackageProductDependency section */
		7BEC22D22DC2F2D400794262 /* FirebaseAnalytics */ = {
			isa = XCSwiftPackageProductDependency;
			package = 7BEC22D12DC2F2D300794262 /* XCRemoteSwiftPackageReference "firebase-ios-sdk" */;
			productName = FirebaseAnalytics;
		};
		7BEC22D42DC2F2D400794262 /* FirebaseAuth */ = {
			isa = XCSwiftPackageProductDependency;
			package = 7BEC22D12DC2F2D300794262 /* XCRemoteSwiftPackageReference "firebase-ios-sdk" */;
			productName = FirebaseAuth;
		};
		7BEC22D62DC2F2D400794262 /* FirebaseAuthCombine-Community */ = {
			isa = XCSwiftPackageProductDependency;
			package = 7BEC22D12DC2F2D300794262 /* XCRemoteSwiftPackageReference "firebase-ios-sdk" */;
			productName = "FirebaseAuthCombine-Community";
		};
		7BEC22D82DC2F2D400794262 /* FirebaseCore */ = {
			isa = XCSwiftPackageProductDependency;
			package = 7BEC22D12DC2F2D300794262 /* XCRemoteSwiftPackageReference "firebase-ios-sdk" */;
			productName = FirebaseCore;
		};
		7BEC22DA2DC2F2D400794262 /* FirebaseCrashlytics */ = {
			isa = XCSwiftPackageProductDependency;
			package = 7BEC22D12DC2F2D300794262 /* XCRemoteSwiftPackageReference "firebase-ios-sdk" */;
			productName = FirebaseCrashlytics;
		};
		7BEC22DC2DC2F2D400794262 /* FirebaseDatabase */ = {
			isa = XCSwiftPackageProductDependency;
			package = 7BEC22D12DC2F2D300794262 /* XCRemoteSwiftPackageReference "firebase-ios-sdk" */;
			productName = FirebaseDatabase;
		};
		7BEC22DE2DC2F2D400794262 /* FirebaseFirestore */ = {
			isa = XCSwiftPackageProductDependency;
			package = 7BEC22D12DC2F2D300794262 /* XCRemoteSwiftPackageReference "firebase-ios-sdk" */;
			productName = FirebaseFirestore;
		};
		7BEC22E02DC2F2D400794262 /* FirebaseFirestoreCombine-Community */ = {
			isa = XCSwiftPackageProductDependency;
			package = 7BEC22D12DC2F2D300794262 /* XCRemoteSwiftPackageReference "firebase-ios-sdk" */;
			productName = "FirebaseFirestoreCombine-Community";
		};
/* End XCSwiftPackageProductDependency section */
	};
	rootObject = F3149ADB2DBFBB8800B2E9C5 /* Project object */;
}
